<?xml version="1.0" encoding="utf-8"?>
<Project ToolsVersion="4.0" xmlns="http://schemas.microsoft.com/developer/msbuild/2003">
  <ItemGroup>
    <Filter Include="Source Files">
      <UniqueIdentifier>{4FC737F1-C7A5-4376-A066-2A32D752A2FF}</UniqueIdentifier>
      <Extensions>cpp;c;cc;cxx;def;odl;idl;hpj;bat;asm;asmx</Extensions>
    </Filter>
    <Filter Include="Header Files">
      <UniqueIdentifier>{93995380-89BD-4b04-88EB-625FBE52EBFB}</UniqueIdentifier>
      <Extensions>h;hh;hpp;hxx;hm;inl;inc;xsd</Extensions>
    </Filter>
  </ItemGroup>
  <ItemGroup>
    <Text Include="ReadMe.txt" />
  </ItemGroup>
  <ItemGroup>
    <ClCompile Include="H3D - VS.cpp">
      <Filter>Source Files</Filter>
    </ClCompile>
    <ClCompile Include="dllmain.cpp">
      <Filter>Source Files</Filter>
    </ClCompile>
    <ClCompile Include="H3D\Window.cpp">
      <Filter>Source Files</Filter>
    </ClCompile>
    <ClCompile Include="H3D\Mouse.cpp">
      <Filter>Source Files</Filter>
    </ClCompile>
    <ClCompile Include="H3D\Keyboard.cpp">
      <Filter>Source Files</Filter>
    </ClCompile>
    <ClCompile Include="H3D\Color.cpp">
      <Filter>Source Files</Filter>
    </ClCompile>
    <ClCompile Include="H3D\Texture.cpp">
      <Filter>Source Files</Filter>
    </ClCompile>
    <ClCompile Include="H3D\Image.cpp">
      <Filter>Source Files</Filter>
    </ClCompile>
    <ClCompile Include="H3D\Vector.cpp">
      <Filter>Source Files</Filter>
    </ClCompile>
    <ClCompile Include="H3D\Camera.cpp">
      <Filter>Source Files</Filter>
    </ClCompile>
    <ClCompile Include="H3D\OpenGLContext.cpp">
      <Filter>Source Files</Filter>
    </ClCompile>
    <ClCompile Include="H3D\Shader.cpp">
      <Filter>Source Files</Filter>
    </ClCompile>
    <ClCompile Include="H3D\Program.cpp">
      <Filter>Source Files</Filter>
    </ClCompile>
    <ClCompile Include="H3D\ResourceManager.cpp">
      <Filter>Source Files</Filter>
    </ClCompile>
    <ClCompile Include="H3D\3DModelType\3DMT_MD5.cpp">
      <Filter>Source Files</Filter>
    </ClCompile>
    <ClCompile Include="H3D\Network.cpp">
      <Filter>Source Files</Filter>
    </ClCompile>
    <ClCompile Include="H3D\3DModelType\3DMT_DAE.cpp">
      <Filter>Source Files</Filter>
    </ClCompile>
    <ClCompile Include="H3D\3DModelType\3DMT_OBJ.cpp">
      <Filter>Source Files</Filter>
    </ClCompile>
    <ClCompile Include="H3D\Audio.cpp">
      <Filter>Source Files</Filter>
    </ClCompile>
    <ClCompile Include="H3D\Clock.cpp">
      <Filter>Source Files</Filter>
    </ClCompile>
    <ClCompile Include="H3D\Matrix.cpp">
      <Filter>Source Files</Filter>
    </ClCompile>
    <ClCompile Include="H3D\InputManager.cpp">
      <Filter>Source Files</Filter>
    </ClCompile>
    <ClCompile Include="H3D\Joystick.cpp">
      <Filter>Source Files</Filter>
    </ClCompile>
    <ClCompile Include="H3D\Vec4.cpp">
      <Filter>Source Files</Filter>
    </ClCompile>
    <ClCompile Include="H3D\Scenegraph.cpp">
      <Filter>Source Files</Filter>
    </ClCompile>
    <ClCompile Include="H3D\GBuffer.cpp">
      <Filter>Source Files</Filter>
    </ClCompile>
    <ClCompile Include="H3D\Light.cpp">
      <Filter>Source Files</Filter>
    </ClCompile>
    <ClCompile Include="H3D\ParticleRenderer.cpp">
      <Filter>Source Files</Filter>
    </ClCompile>
    <ClCompile Include="H3D\ParticleUpdater.cpp">
      <Filter>Source Files</Filter>
    </ClCompile>
    <ClCompile Include="H3D\Emitter.cpp">
      <Filter>Source Files</Filter>
    </ClCompile>
    <ClCompile Include="H3D\GLMultithreadingPackages.cpp">
      <Filter>Source Files</Filter>
    </ClCompile>
    <ClCompile Include="H3D\GLMultithreading.cpp">
      <Filter>Source Files</Filter>
    </ClCompile>
    <ClCompile Include="H3D\3DModel.cpp">
      <Filter>Source Files</Filter>
    </ClCompile>
    <ClCompile Include="H3D\Utilities.cpp">
      <Filter>Source Files</Filter>
    </ClCompile>
    <ClCompile Include="H3D\Quaternion.cpp">
      <Filter>Source Files</Filter>
    </ClCompile>
    <ClCompile Include="H3D\GUI.cpp">
      <Filter>Source Files</Filter>
    </ClCompile>
    <ClCompile Include="H3D\GUI\Button.cpp">
      <Filter>Source Files</Filter>
    </ClCompile>
    <ClCompile Include="H3D\GUI\Font.cpp">
      <Filter>Source Files</Filter>
    </ClCompile>
    <ClCompile Include="H3D\GUI\Text.cpp">
      <Filter>Source Files</Filter>
    </ClCompile>
    <ClCompile Include="H3D\Audio\AudioBufferClasses.cpp">
      <Filter>Source Files</Filter>
    </ClCompile>
    <ClCompile Include="H3D\Audio\AudioLoader.cpp">
      <Filter>Source Files</Filter>
    </ClCompile>
    <ClCompile Include="H3D\Audio\AudioSource.cpp">
      <Filter>Source Files</Filter>
    </ClCompile>
  </ItemGroup>
  <ItemGroup>
    <ClInclude Include="H3D.hpp">
      <Filter>Header Files</Filter>
    </ClInclude>
    <ClInclude Include="H3D\Vector.hpp">
      <Filter>Header Files</Filter>
    </ClInclude>
    <ClInclude Include="H3D\Window.hpp">
      <Filter>Header Files</Filter>
    </ClInclude>
    <ClInclude Include="H3D\Color.hpp">
      <Filter>Header Files</Filter>
    </ClInclude>
    <ClInclude Include="H3D\Texture.hpp">
      <Filter>Header Files</Filter>
    </ClInclude>
    <ClInclude Include="H3D\Image.hpp">
      <Filter>Header Files</Filter>
    </ClInclude>
    <ClInclude Include="H3D\Mesh.hpp">
      <Filter>Header Files</Filter>
    </ClInclude>
    <ClInclude Include="H3D\Vertex.hpp">
      <Filter>Header Files</Filter>
    </ClInclude>
    <ClInclude Include="H3D\Vector\Vector_Declaration.hpp">
      <Filter>Header Files</Filter>
    </ClInclude>
    <ClInclude Include="H3D\Vector\Vector_Implementation.hpp">
      <Filter>Header Files</Filter>
    </ClInclude>
    <ClInclude Include="H3D\Camera.hpp">
      <Filter>Header Files</Filter>
    </ClInclude>
    <ClInclude Include="H3D\Event.hpp">
      <Filter>Header Files</Filter>
    </ClInclude>
    <ClInclude Include="H3D\OpenGLContext.hpp">
      <Filter>Header Files</Filter>
    </ClInclude>
    <ClInclude Include="H3D\Program.hpp">
      <Filter>Header Files</Filter>
    </ClInclude>
    <ClInclude Include="H3D\Shader.hpp">
      <Filter>Header Files</Filter>
    </ClInclude>
    <ClInclude Include="H3D\ResourceManager.hpp">
      <Filter>Header Files</Filter>
    </ClInclude>
    <ClInclude Include="H3D\3DModel.hpp">
      <Filter>Header Files</Filter>
    </ClInclude>
    <ClInclude Include="H3D\3DModelType\3DMT_MD5.hpp">
      <Filter>Header Files</Filter>
    </ClInclude>
    <ClInclude Include="H3D\Audio.hpp">
      <Filter>Header Files</Filter>
    </ClInclude>
    <ClInclude Include="H3D\Network.hpp">
      <Filter>Header Files</Filter>
    </ClInclude>
    <ClInclude Include="H3D\3DModelType\3DMT_DAE.hpp">
      <Filter>Header Files</Filter>
    </ClInclude>
    <ClInclude Include="H3D\3DModelType\3DMT_OBJ.hpp">
      <Filter>Header Files</Filter>
    </ClInclude>
    <ClInclude Include="H3D\Clock.hpp">
      <Filter>Header Files</Filter>
    </ClInclude>
    <ClInclude Include="H3D\Matrix.hpp">
      <Filter>Header Files</Filter>
    </ClInclude>
    <ClInclude Include="H3D\FileDataStructures.hpp">
      <Filter>Header Files</Filter>
    </ClInclude>
    <ClInclude Include="H3D\InputManager.hpp">
      <Filter>Header Files</Filter>
    </ClInclude>
    <ClInclude Include="H3D\FileSystem.hpp">
      <Filter>Header Files</Filter>
    </ClInclude>
    <ClInclude Include="H3D\Scenegraph.hpp">
      <Filter>Header Files</Filter>
    </ClInclude>
    <ClInclude Include="H3D\ScenegraphClasses.hpp">
      <Filter>Header Files</Filter>
    </ClInclude>
    <ClInclude Include="H3D\Light.hpp">
      <Filter>Header Files</Filter>
    </ClInclude>
    <ClInclude Include="H3D\GBuffer.hpp">
      <Filter>Header Files</Filter>
    </ClInclude>
    <ClInclude Include="H3D\ParticleEngine.hpp">
      <Filter>Header Files</Filter>
    </ClInclude>
    <ClInclude Include="H3D\GLMultithreading.hpp">
      <Filter>Header Files</Filter>
    </ClInclude>
    <ClInclude Include="H3D\GLMultithreadingPackages.hpp">
      <Filter>Header Files</Filter>
    </ClInclude>
    <ClInclude Include="H3D\Utilities.hpp">
      <Filter>Header Files</Filter>
    </ClInclude>
    <ClInclude Include="H3D\AudioAccessories.hpp">
      <Filter>Header Files</Filter>
    </ClInclude>
    <ClInclude Include="H3D\Quaternion.hpp">
      <Filter>Header Files</Filter>
    </ClInclude>
    <ClInclude Include="H3D\GUI.hpp">
      <Filter>Header Files</Filter>
    </ClInclude>
    <ClInclude Include="H3D\GUI\Button.hpp">
      <Filter>Header Files</Filter>
    </ClInclude>
    <ClInclude Include="H3D\GUI\Stylesheet.hpp">
      <Filter>Header Files</Filter>
    </ClInclude>
    <ClInclude Include="H3D\GUI\Font.hpp">
      <Filter>Header Files</Filter>
    </ClInclude>
    <ClInclude Include="H3D\GUI\Text.hpp">
      <Filter>Header Files</Filter>
    </ClInclude>
    <ClInclude Include="resource.h">
      <Filter>Header Files</Filter>
    </ClInclude>
  </ItemGroup>
  <ItemGroup>
    <None Include="ClassDiagram.cd" />
  </ItemGroup>
  <ItemGroup>
    <ResourceCompile Include="H3D - VS.rc" />
  </ItemGroup>
</Project>