<?xml version="1.0" encoding="utf-8"?>
<Project ToolsVersion="4.0" xmlns="http://schemas.microsoft.com/developer/msbuild/2003">
  <ItemGroup>
    <Text Include="ReadMe.txt" />
  </ItemGroup>
  <ItemGroup>
    <ClInclude Include="H3D\Audio\Audio.hpp" />
    <ClInclude Include="H3D\Audio\AudioAccessories.hpp" />
    <ClInclude Include="H3D\Graphics\Color.hpp" />
    <ClInclude Include="H3D\Graphics\Drawable.hpp" />
    <ClInclude Include="H3D\Graphics\GBuffer.hpp" />
    <ClInclude Include="H3D\Graphics\Image.hpp" />
    <ClInclude Include="H3D\Graphics\Light.hpp" />
    <ClInclude Include="H3D\Graphics\Material.hpp" />
    <ClInclude Include="H3D\Graphics\OpenGLContext.hpp" />
    <ClInclude Include="H3D\Graphics\Program.hpp" />
    <ClInclude Include="H3D\Graphics\ProgramPipeline.hpp" />
    <ClInclude Include="H3D\Graphics\Renderer.hpp" />
    <ClInclude Include="H3D\Graphics\Shader.hpp" />
    <ClInclude Include="H3D\Graphics\Texture.hpp" />
    <ClInclude Include="H3D\Graphics\Vertex.hpp" />
    <ClInclude Include="H3D\GUI\Button.hpp" />
    <ClInclude Include="H3D\GUI\Font.hpp" />
    <ClInclude Include="H3D\GUI\GUI.hpp" />
    <ClInclude Include="H3D\GUI\Stylesheet.hpp" />
    <ClInclude Include="H3D\GUI\Text.hpp" />
    <ClInclude Include="H3D\Hashing\CRC32.hpp" />
    <ClInclude Include="H3D\Hashing\SHA256.hpp" />
    <ClInclude Include="H3D\Hashing\UniChecksum.hpp" />
    <ClInclude Include="H3D\LuaScript\LuaScript.hpp" />
    <ClInclude Include="H3D\Math\Matrix.hpp" />
    <ClInclude Include="H3D\Math\Quaternion.hpp" />
    <ClInclude Include="H3D\Math\Vector.hpp" />
    <ClInclude Include="H3D\MemoryMng\base_alloc.hpp" />
    <ClInclude Include="H3D\MemoryMng\freelist_alloc.hpp" />
    <ClInclude Include="H3D\MemoryMng\linear_alloc.hpp" />
    <ClInclude Include="H3D\MemoryMng\memory.hpp" />
    <ClInclude Include="H3D\MemoryMng\pool_alloc.hpp" />
    <ClInclude Include="H3D\Model\3DModel.hpp" />
    <ClInclude Include="H3D\Model\Mesh.hpp" />
    <ClInclude Include="H3D\Model\ModelConverter.hpp" />
    <ClInclude Include="H3D\Network\Network.hpp" />
    <ClInclude Include="H3D\Network\Package.hpp" />
    <ClInclude Include="H3D\Network\Socket.hpp" />
    <ClInclude Include="H3D\OpenGL\GLMultithreading.hpp" />
    <ClInclude Include="H3D\OpenGL\GLMultithreadingPackages.hpp" />
    <ClInclude Include="H3D\OS\WglContext.hpp" />
    <ClInclude Include="H3D\OS\Win32WindowImpl.hpp" />
    <ClInclude Include="H3D\OS\X11Context.hpp" />
    <ClInclude Include="H3D\OS\X11WindowImpl.hpp" />
    <ClInclude Include="H3D\Physic\ParticleEngine.hpp" />
    <ClInclude Include="H3D\Physic\Physic.hpp" />
    <ClInclude Include="H3D\Physic\PhysicObject.hpp" />
    <ClInclude Include="H3D\Posteffects\SSAO.hpp" />
    <ClInclude Include="H3D\Resource\Resource.hpp" />
    <ClInclude Include="H3D\Resource\ResourceManager.hpp" />
    <ClInclude Include="H3D\Scene\Camera.hpp" />
    <ClInclude Include="H3D\Scene\Scenegraph.hpp" />
    <ClInclude Include="H3D\Scene\ScenegraphClasses.hpp" />
    <ClInclude Include="H3D\System\Clock.hpp" />
    <ClInclude Include="H3D\System\Config.hpp" />
    <ClInclude Include="H3D\System\ContainerFile.hpp" />
    <ClInclude Include="H3D\System\Event.hpp" />
    <ClInclude Include="H3D\System\FileDataStructures.hpp" />
    <ClInclude Include="H3D\System\FileSystem.hpp" />
    <ClInclude Include="H3D\System\InputManager.hpp" />
    <ClInclude Include="H3D\System\ItemContainer.hpp" />
    <ClInclude Include="H3D\System\Keyboard.hpp" />
    <ClInclude Include="H3D\System\Mouse.hpp" />
    <ClInclude Include="H3D\System\Utilities.hpp" />
    <ClInclude Include="H3D\System\Window.hpp" />
    <ClInclude Include="H3D\System\WindowImpl.hpp" />
    <ClInclude Include="H3D\Vector\Vector_Declaration.hpp" />
    <ClInclude Include="H3D\Vector\Vector_Implementation.hpp" />
    <ClInclude Include="H3D\XML\XML.hpp" />
  </ItemGroup>
  <ItemGroup>
    <ClCompile Include="H3D\OpenGL\GLMultithreading.cpp" />
    <ClCompile Include="H3D\OpenGL\GLMultithreadingPackages.cpp" />
    <ClCompile Include="src\Audio\Audio.cpp" />
    <ClCompile Include="src\Audio\AudioBufferClasses.cpp" />
    <ClCompile Include="src\Audio\AudioBufferStream.cpp" />
    <ClCompile Include="src\Audio\AudioBufferStreamer.cpp" />
    <ClCompile Include="src\Audio\AudioLoader.cpp" />
    <ClCompile Include="src\Audio\AudioSource.cpp" />
    <ClCompile Include="src\Graphics\Drawable.cpp" />
    <ClCompile Include="src\Graphics\GBuffer.cpp" />
    <ClCompile Include="src\Graphics\Image.cpp" />
    <ClCompile Include="src\Graphics\Light.cpp" />
    <ClCompile Include="src\Graphics\LightScene.cpp" />
    <ClCompile Include="src\Graphics\Material.cpp" />
    <ClCompile Include="src\Graphics\OpenGLContext.cpp" />
    <ClCompile Include="src\Graphics\Program.cpp" />
    <ClCompile Include="src\Graphics\Renderer.cpp" />
    <ClCompile Include="src\Graphics\Shader.cpp" />
    <ClCompile Include="src\Graphics\Texture.cpp" />
    <ClCompile Include="src\Graphics\TextureConverter.cpp" />
    <ClCompile Include="src\Graphics\TextureLoader.cpp" />
    <ClCompile Include="src\GUI\Button.cpp" />
    <ClCompile Include="src\GUI\Font.cpp" />
    <ClCompile Include="src\GUI\GUI.cpp" />
    <ClCompile Include="src\GUI\Text.cpp" />
    <ClCompile Include="src\Hashing\CRC32.cpp" />
    <ClCompile Include="src\Hashing\SHA256.cpp" />
    <ClCompile Include="src\Hashing\UniChecksum.cpp" />
    <ClCompile Include="src\LuaScript\LuaScript.cpp" />
    <ClCompile Include="src\Math\Matrix.cpp" />
    <ClCompile Include="src\Math\Quaternion.cpp" />
    <ClCompile Include="src\Math\Vec4.cpp" />
    <ClCompile Include="src\Math\Vector.cpp" />
    <ClCompile Include="src\MemoryMng\linear_alloc.cpp" />
    <ClCompile Include="src\MemoryMng\memory.cpp" />
    <ClCompile Include="src\Model\3DModel.cpp" />
    <ClCompile Include="src\Model\Mesh.cpp" />
    <ClCompile Include="src\Network\Network.cpp" />
    <ClCompile Include="src\Network\Socket.cpp" />
    <ClCompile Include="src\OpenGL\GLMultithreading.cpp" />
    <ClCompile Include="src\OpenGL\GLMultithreadingPackages.cpp" />
    <ClCompile Include="src\OS\ConsoleWin32Impl.cpp" />
    <ClCompile Include="src\OS\MouseWin32Impl.cpp" />
    <ClCompile Include="src\OS\MouseX11Impl.cpp" />
    <ClCompile Include="src\OS\WglContext.cpp" />
    <ClCompile Include="src\OS\Win32WindowImpl.cpp" />
    <ClCompile Include="src\OS\X11Context.cpp" />
    <ClCompile Include="src\OS\X11WindowImpl.cpp" />
    <ClCompile Include="src\Physic\Emitter.cpp" />
    <ClCompile Include="src\Physic\ParticleRenderer.cpp" />
    <ClCompile Include="src\Physic\ParticleUpdater.cpp" />
    <ClCompile Include="src\Physic\PhysicEngine.cpp" />
    <ClCompile Include="src\Posteffects\SSAO.cpp" />
    <ClCompile Include="src\Resource\Resource.cpp" />
    <ClCompile Include="src\Resource\ResourceManager.cpp" />
    <ClCompile Include="src\Scene\Camera.cpp" />
    <ClCompile Include="src\Scene\Scenegraph.cpp" />
    <ClCompile Include="src\System\Clock.cpp" />
    <ClCompile Include="src\System\ContainerFile.cpp" />
    <ClCompile Include="src\System\FileSystem.cpp" />
    <ClCompile Include="src\System\InputManager.cpp" />
    <ClCompile Include="src\System\ItemContainer.cpp" />
    <ClCompile Include="src\System\Joystick.cpp" />
    <ClCompile Include="src\System\KeyboardWin32Impl.cpp" />
    <ClCompile Include="src\System\KeyboardX11Impl.cpp" />
    <ClCompile Include="src\System\LinuxClockImpl.cpp" />
    <ClCompile Include="src\System\Mouse.cpp" />
    <ClCompile Include="src\System\Utilities.cpp" />
    <ClCompile Include="src\System\Win32ClockImpl.cpp" />
    <ClCompile Include="src\System\Window.cpp" />
    <ClCompile Include="src\System\WindowImpl.cpp" />
    <ClCompile Include="src\XML\XML.cpp" />
    <ClCompile Include="src\XML\XMLNode.cpp" />
    <ClCompile Include="src\XML\XMLTree.cpp" />
  </ItemGroup>
  <ItemGroup>
    <Filter Include="Audio">
      <UniqueIdentifier>{66c4bdc8-ca10-4f26-abe4-45b61baf1516}</UniqueIdentifier>
    </Filter>
    <Filter Include="Graphics">
      <UniqueIdentifier>{7c8393dc-d8ff-4acf-ba02-7fe4d4087765}</UniqueIdentifier>
    </Filter>
    <Filter Include="GUI">
      <UniqueIdentifier>{aa72ab34-2584-4293-aaa8-33acf97b0b8f}</UniqueIdentifier>
    </Filter>
    <Filter Include="LuaScript">
      <UniqueIdentifier>{3de73cb6-9924-4063-bdd0-21101f59cf70}</UniqueIdentifier>
    </Filter>
    <Filter Include="Math">
      <UniqueIdentifier>{6e13e5ce-6b6d-49bf-9c0e-171d8d546cbc}</UniqueIdentifier>
    </Filter>
    <Filter Include="MemoryMng">
      <UniqueIdentifier>{b4988ec5-6403-48c7-b4e8-35c96bf4ff41}</UniqueIdentifier>
    </Filter>
    <Filter Include="Model">
      <UniqueIdentifier>{e6486f68-3804-42d2-8b99-c807fcd448ca}</UniqueIdentifier>
    </Filter>
    <Filter Include="Network">
      <UniqueIdentifier>{800988cb-9377-4f5c-94de-8e1082f84777}</UniqueIdentifier>
    </Filter>
    <Filter Include="OpenGL">
      <UniqueIdentifier>{30c755a2-931e-4372-8f39-91e40e546a2a}</UniqueIdentifier>
    </Filter>
    <Filter Include="OS">
      <UniqueIdentifier>{02ae0b9c-3606-4523-a341-df64b2ab29ac}</UniqueIdentifier>
    </Filter>
    <Filter Include="Physic">
      <UniqueIdentifier>{314c2afb-2115-4a7b-bdfc-458a94df4300}</UniqueIdentifier>
    </Filter>
    <Filter Include="Posteffects">
      <UniqueIdentifier>{79fea5ce-e4c0-49a1-88c3-48185219344d}</UniqueIdentifier>
    </Filter>
    <Filter Include="Hashing">
      <UniqueIdentifier>{2da9c6a4-042f-4701-be14-e38292d7da02}</UniqueIdentifier>
    </Filter>
    <Filter Include="Resource">
      <UniqueIdentifier>{c0b36ccf-1a40-4c9d-ace2-11ba8e9994a9}</UniqueIdentifier>
    </Filter>
    <Filter Include="Scene">
      <UniqueIdentifier>{46881a82-0c22-4c9a-9617-c8b1f1410e23}</UniqueIdentifier>
    </Filter>
    <Filter Include="System">
      <UniqueIdentifier>{75cf762e-8959-40e2-9785-821fad7876cd}</UniqueIdentifier>
    </Filter>
    <Filter Include="Vector">
      <UniqueIdentifier>{3a113eda-103c-4c2d-bf64-de66a3ec3fac}</UniqueIdentifier>
    </Filter>
    <Filter Include="XML">
      <UniqueIdentifier>{f748fc54-59ad-4eb2-ac67-3257e98ed2d3}</UniqueIdentifier>
    </Filter>
  </ItemGroup>
</Project>