<?xml version="1.0" encoding="utf-8"?>
<Project ToolsVersion="4.0" xmlns="http://schemas.microsoft.com/developer/msbuild/2003">
  <ItemGroup>
    <Filter Include="Source Files">
      <UniqueIdentifier>{4FC737F1-C7A5-4376-A066-2A32D752A2FF}</UniqueIdentifier>
      <Extensions>cpp;c;cc;cxx;def;odl;idl;hpj;bat;asm;asmx</Extensions>
    </Filter>
    <Filter Include="Header Files">
      <UniqueIdentifier>{93995380-89BD-4b04-88EB-625FBE52EBFB}</UniqueIdentifier>
      <Extensions>h;hh;hpp;hxx;hm;inl;inc;xsd</Extensions>
    </Filter>
    <Filter Include="Audio">
      <UniqueIdentifier>{44d06b3d-d96c-467a-a0a2-17f637911820}</UniqueIdentifier>
    </Filter>
    <Filter Include="Hashing">
      <UniqueIdentifier>{31502358-e376-42f7-98c3-d95f41baf217}</UniqueIdentifier>
    </Filter>
    <Filter Include="OpenGL Shader">
      <UniqueIdentifier>{597c47ea-1a31-4cc2-8d3b-32f67998a1d6}</UniqueIdentifier>
    </Filter>
    <Filter Include="Model Loader">
      <UniqueIdentifier>{cfd358ae-15a0-4bf9-a743-1e0458fb123c}</UniqueIdentifier>
    </Filter>
    <Filter Include="Network">
      <UniqueIdentifier>{93798bb1-204e-4e86-9b03-27915ddf659b}</UniqueIdentifier>
    </Filter>
    <Filter Include="LuaScript">
      <UniqueIdentifier>{6e14e085-d900-4738-aacc-03bc9ee5bfdc}</UniqueIdentifier>
    </Filter>
    <Filter Include="memmng">
      <UniqueIdentifier>{2d95cf78-7a52-4a07-aff5-6da1d9619ebf}</UniqueIdentifier>
    </Filter>
    <Filter Include="GUI">
      <UniqueIdentifier>{fc61880b-a8b2-4e8e-9d2c-5ed4a9f3b854}</UniqueIdentifier>
    </Filter>
    <Filter Include="files">
      <UniqueIdentifier>{85295442-4109-4285-8e32-d36924362d29}</UniqueIdentifier>
    </Filter>
    <Filter Include="Texture">
      <UniqueIdentifier>{aa8a711d-5667-4ad8-b1dd-fb697c39d603}</UniqueIdentifier>
    </Filter>
    <Filter Include="dependencies">
      <UniqueIdentifier>{63928155-f7ae-4590-892d-86d6b09c868a}</UniqueIdentifier>
    </Filter>
    <Filter Include="dependencies\lua">
      <UniqueIdentifier>{4d9114e6-c2ff-4897-8200-3f3862019f22}</UniqueIdentifier>
    </Filter>
    <Filter Include="dependencies\glew">
      <UniqueIdentifier>{d2e2274b-896f-4414-bb06-9a1e259ace7d}</UniqueIdentifier>
    </Filter>
    <Filter Include="dependencies\vorbis">
      <UniqueIdentifier>{25be20d0-170f-44d2-aa50-40fa5e41fc57}</UniqueIdentifier>
    </Filter>
  </ItemGroup>
  <ItemGroup>
    <Text Include="ReadMe.txt" />
  </ItemGroup>
  <ItemGroup>
    <ClCompile Include="H3D - VS.cpp">
      <Filter>Source Files</Filter>
    </ClCompile>
    <ClCompile Include="dllmain.cpp">
      <Filter>Source Files</Filter>
    </ClCompile>
    <ClCompile Include="H3D\Window.cpp">
      <Filter>Source Files</Filter>
    </ClCompile>
    <ClCompile Include="H3D\Mouse.cpp">
      <Filter>Source Files</Filter>
    </ClCompile>
    <ClCompile Include="H3D\Keyboard.cpp">
      <Filter>Source Files</Filter>
    </ClCompile>
    <ClCompile Include="H3D\Color.cpp">
      <Filter>Source Files</Filter>
    </ClCompile>
    <ClCompile Include="H3D\Image.cpp">
      <Filter>Source Files</Filter>
    </ClCompile>
    <ClCompile Include="H3D\Vector.cpp">
      <Filter>Source Files</Filter>
    </ClCompile>
    <ClCompile Include="H3D\Camera.cpp">
      <Filter>Source Files</Filter>
    </ClCompile>
    <ClCompile Include="H3D\OpenGLContext.cpp">
      <Filter>Source Files</Filter>
    </ClCompile>
    <ClCompile Include="H3D\ResourceManager.cpp">
      <Filter>Source Files</Filter>
    </ClCompile>
    <ClCompile Include="H3D\Clock.cpp">
      <Filter>Source Files</Filter>
    </ClCompile>
    <ClCompile Include="H3D\Matrix.cpp">
      <Filter>Source Files</Filter>
    </ClCompile>
    <ClCompile Include="H3D\InputManager.cpp">
      <Filter>Source Files</Filter>
    </ClCompile>
    <ClCompile Include="H3D\Joystick.cpp">
      <Filter>Source Files</Filter>
    </ClCompile>
    <ClCompile Include="H3D\Vec4.cpp">
      <Filter>Source Files</Filter>
    </ClCompile>
    <ClCompile Include="H3D\Scenegraph.cpp">
      <Filter>Source Files</Filter>
    </ClCompile>
    <ClCompile Include="H3D\GBuffer.cpp">
      <Filter>Source Files</Filter>
    </ClCompile>
    <ClCompile Include="H3D\Light.cpp">
      <Filter>Source Files</Filter>
    </ClCompile>
    <ClCompile Include="H3D\ParticleRenderer.cpp">
      <Filter>Source Files</Filter>
    </ClCompile>
    <ClCompile Include="H3D\ParticleUpdater.cpp">
      <Filter>Source Files</Filter>
    </ClCompile>
    <ClCompile Include="H3D\Emitter.cpp">
      <Filter>Source Files</Filter>
    </ClCompile>
    <ClCompile Include="H3D\GLMultithreadingPackages.cpp">
      <Filter>Source Files</Filter>
    </ClCompile>
    <ClCompile Include="H3D\GLMultithreading.cpp">
      <Filter>Source Files</Filter>
    </ClCompile>
    <ClCompile Include="H3D\Utilities.cpp">
      <Filter>Source Files</Filter>
    </ClCompile>
    <ClCompile Include="H3D\Quaternion.cpp">
      <Filter>Source Files</Filter>
    </ClCompile>
    <ClCompile Include="H3D\Audio.cpp">
      <Filter>Audio</Filter>
    </ClCompile>
    <ClCompile Include="H3D\Audio\AudioBufferClasses.cpp">
      <Filter>Audio</Filter>
    </ClCompile>
    <ClCompile Include="H3D\Audio\AudioLoader.cpp">
      <Filter>Audio</Filter>
    </ClCompile>
    <ClCompile Include="H3D\Audio\AudioSource.cpp">
      <Filter>Audio</Filter>
    </ClCompile>
    <ClCompile Include="H3D\hashing\CRC32.cpp">
      <Filter>Hashing</Filter>
    </ClCompile>
    <ClCompile Include="H3D\Shader.cpp">
      <Filter>OpenGL Shader</Filter>
    </ClCompile>
    <ClCompile Include="H3D\Program.cpp">
      <Filter>OpenGL Shader</Filter>
    </ClCompile>
    <ClCompile Include="H3D\3DModel.cpp">
      <Filter>Model Loader</Filter>
    </ClCompile>
    <ClCompile Include="H3D\3DModelType\3DMT_MD5.cpp">
      <Filter>Model Loader</Filter>
    </ClCompile>
    <ClCompile Include="H3D\3DModelType\3DMT_OBJ.cpp">
      <Filter>Model Loader</Filter>
    </ClCompile>
    <ClCompile Include="H3D\hashing\UniChecksum.cpp">
      <Filter>Hashing</Filter>
    </ClCompile>
    <ClCompile Include="H3D\3DModelType\3DMT_X.cpp">
      <Filter>Model Loader</Filter>
    </ClCompile>
    <ClCompile Include="H3D\Network.cpp">
      <Filter>Network</Filter>
    </ClCompile>
    <ClCompile Include="H3D\network\Socket.cpp">
      <Filter>Network</Filter>
    </ClCompile>
    <ClCompile Include="H3D\LuaScript\LuaScript.cpp">
      <Filter>LuaScript</Filter>
    </ClCompile>
    <ClCompile Include="H3D\GUI\Text.cpp">
      <Filter>GUI</Filter>
    </ClCompile>
    <ClCompile Include="H3D\GUI\Button.cpp">
      <Filter>GUI</Filter>
    </ClCompile>
    <ClCompile Include="H3D\GUI\Font.cpp">
      <Filter>GUI</Filter>
    </ClCompile>
    <ClCompile Include="H3D\GUI.cpp">
      <Filter>GUI</Filter>
    </ClCompile>
    <ClCompile Include="H3D\memmng\linear_alloc.cpp">
      <Filter>memmng</Filter>
    </ClCompile>
    <ClCompile Include="H3D\hashing\SHA256.cpp">
      <Filter>Hashing</Filter>
    </ClCompile>
    <ClCompile Include="H3D\FileSystem.cpp">
      <Filter>files</Filter>
    </ClCompile>
    <ClCompile Include="H3D\ContainerFile.cpp">
      <Filter>files</Filter>
    </ClCompile>
    <ClCompile Include="H3D\Texture.cpp">
      <Filter>Texture</Filter>
    </ClCompile>
    <ClCompile Include="H3D\TextureLoader.cpp">
      <Filter>Texture</Filter>
    </ClCompile>
    <ClCompile Include="H3D\Audio\AudioBufferStream.cpp">
      <Filter>Audio</Filter>
    </ClCompile>
    <ClCompile Include="H3D\Audio\AudioBufferStreamer.cpp">
      <Filter>Audio</Filter>
    </ClCompile>
  </ItemGroup>
  <ItemGroup>
    <ClInclude Include="H3D.hpp">
      <Filter>Header Files</Filter>
    </ClInclude>
    <ClInclude Include="H3D\Vector.hpp">
      <Filter>Header Files</Filter>
    </ClInclude>
    <ClInclude Include="H3D\Window.hpp">
      <Filter>Header Files</Filter>
    </ClInclude>
    <ClInclude Include="H3D\Color.hpp">
      <Filter>Header Files</Filter>
    </ClInclude>
    <ClInclude Include="H3D\Image.hpp">
      <Filter>Header Files</Filter>
    </ClInclude>
    <ClInclude Include="H3D\Mesh.hpp">
      <Filter>Header Files</Filter>
    </ClInclude>
    <ClInclude Include="H3D\Vertex.hpp">
      <Filter>Header Files</Filter>
    </ClInclude>
    <ClInclude Include="H3D\Vector\Vector_Declaration.hpp">
      <Filter>Header Files</Filter>
    </ClInclude>
    <ClInclude Include="H3D\Vector\Vector_Implementation.hpp">
      <Filter>Header Files</Filter>
    </ClInclude>
    <ClInclude Include="H3D\Camera.hpp">
      <Filter>Header Files</Filter>
    </ClInclude>
    <ClInclude Include="H3D\Event.hpp">
      <Filter>Header Files</Filter>
    </ClInclude>
    <ClInclude Include="H3D\OpenGLContext.hpp">
      <Filter>Header Files</Filter>
    </ClInclude>
    <ClInclude Include="H3D\ResourceManager.hpp">
      <Filter>Header Files</Filter>
    </ClInclude>
    <ClInclude Include="H3D\Clock.hpp">
      <Filter>Header Files</Filter>
    </ClInclude>
    <ClInclude Include="H3D\Matrix.hpp">
      <Filter>Header Files</Filter>
    </ClInclude>
    <ClInclude Include="H3D\InputManager.hpp">
      <Filter>Header Files</Filter>
    </ClInclude>
    <ClInclude Include="H3D\Scenegraph.hpp">
      <Filter>Header Files</Filter>
    </ClInclude>
    <ClInclude Include="H3D\ScenegraphClasses.hpp">
      <Filter>Header Files</Filter>
    </ClInclude>
    <ClInclude Include="H3D\Light.hpp">
      <Filter>Header Files</Filter>
    </ClInclude>
    <ClInclude Include="H3D\GBuffer.hpp">
      <Filter>Header Files</Filter>
    </ClInclude>
    <ClInclude Include="H3D\ParticleEngine.hpp">
      <Filter>Header Files</Filter>
    </ClInclude>
    <ClInclude Include="H3D\GLMultithreading.hpp">
      <Filter>Header Files</Filter>
    </ClInclude>
    <ClInclude Include="H3D\GLMultithreadingPackages.hpp">
      <Filter>Header Files</Filter>
    </ClInclude>
    <ClInclude Include="H3D\Utilities.hpp">
      <Filter>Header Files</Filter>
    </ClInclude>
    <ClInclude Include="H3D\Quaternion.hpp">
      <Filter>Header Files</Filter>
    </ClInclude>
    <ClInclude Include="resource.h">
      <Filter>Header Files</Filter>
    </ClInclude>
    <ClInclude Include="H3D\Audio.hpp">
      <Filter>Audio</Filter>
    </ClInclude>
    <ClInclude Include="H3D\AudioAccessories.hpp">
      <Filter>Audio</Filter>
    </ClInclude>
    <ClInclude Include="H3D\hashing\CRC32.hpp">
      <Filter>Hashing</Filter>
    </ClInclude>
    <ClInclude Include="H3D\Shader.hpp">
      <Filter>OpenGL Shader</Filter>
    </ClInclude>
    <ClInclude Include="H3D\Program.hpp">
      <Filter>OpenGL Shader</Filter>
    </ClInclude>
    <ClInclude Include="H3D\3DModel.hpp">
      <Filter>Model Loader</Filter>
    </ClInclude>
    <ClInclude Include="H3D\3DModelType\3DMT_MD5.hpp">
      <Filter>Model Loader</Filter>
    </ClInclude>
    <ClInclude Include="H3D\3DModelType\3DMT_OBJ.hpp">
      <Filter>Model Loader</Filter>
    </ClInclude>
    <ClInclude Include="H3D\hashing\UniChecksum.hpp">
      <Filter>Hashing</Filter>
    </ClInclude>
    <ClInclude Include="H3D\3DModelType\3DMT_X.hpp">
      <Filter>Model Loader</Filter>
    </ClInclude>
    <ClInclude Include="H3D\Network.hpp">
      <Filter>Network</Filter>
    </ClInclude>
    <ClInclude Include="H3D\network\Socket.hpp">
      <Filter>Network</Filter>
    </ClInclude>
    <ClInclude Include="H3D\network\Package.hpp">
      <Filter>Network</Filter>
    </ClInclude>
    <ClInclude Include="H3D\LuaScript\LuaScript.hpp">
      <Filter>LuaScript</Filter>
    </ClInclude>
    <ClInclude Include="H3D\memmng\base_alloc.hpp">
      <Filter>memmng</Filter>
    </ClInclude>
    <ClInclude Include="H3D\GUI.hpp">
      <Filter>GUI</Filter>
    </ClInclude>
    <ClInclude Include="H3D\GUI\Button.hpp">
      <Filter>GUI</Filter>
    </ClInclude>
    <ClInclude Include="H3D\GUI\Font.hpp">
      <Filter>GUI</Filter>
    </ClInclude>
    <ClInclude Include="H3D\GUI\Text.hpp">
      <Filter>GUI</Filter>
    </ClInclude>
    <ClInclude Include="H3D\GUI\Stylesheet.hpp">
      <Filter>GUI</Filter>
    </ClInclude>
    <ClInclude Include="H3D\memmng\pool_alloc.hpp">
      <Filter>memmng</Filter>
    </ClInclude>
    <ClInclude Include="H3D\memmng\linear_alloc.hpp">
      <Filter>memmng</Filter>
    </ClInclude>
    <ClInclude Include="H3D\hashing\SHA256.hpp">
      <Filter>Hashing</Filter>
    </ClInclude>
    <ClInclude Include="H3D\FileDataStructures.hpp">
      <Filter>files</Filter>
    </ClInclude>
    <ClInclude Include="H3D\FileSystem.hpp">
      <Filter>files</Filter>
    </ClInclude>
    <ClInclude Include="H3D\ContainerFile.hpp">
      <Filter>files</Filter>
    </ClInclude>
    <ClInclude Include="H3D\Texture.hpp">
      <Filter>Texture</Filter>
    </ClInclude>
  </ItemGroup>
</Project>